
Microsoft Visual Studio Solution File, Format Version 12.00
# Visual Studio Version 17
VisualStudioVersion = 17.8.34525.116
MinimumVisualStudioVersion = 10.0.40219.1
Project("{FAE04EC0-301F-11D3-BF4B-00C04F79EFBC}") = "GenCode", "GenCode\GenCode.csproj", "{A43BBB8C-F419-46ED-8D9C-784B428827DB}"
EndProject
Global
	GlobalSection(SolutionConfigurationPlatforms) = preSolution
		Debug|Any CPU = Debug|Any CPU
		Release|Any CPU = Release|Any CPU
	EndGlobalSection
	GlobalSection(ProjectConfigurationPlatforms) = postSolution
		{A43BBB8C-F419-46ED-8D9C-784B428827DB}.Debug|Any CPU.ActiveCfg = Debug|Any CPU
		{A43BBB8C-F419-46ED-8D9C-784B428827DB}.Debug|Any CPU.Build.0 = Debug|Any CPU
		{A43BBB8C-F419-46ED-8D9C-784B428827DB}.Release|Any CPU.ActiveCfg = Release|Any CPU
		{A43BBB8C-F419-46ED-8D9C-784B428827DB}.Release|Any CPU.Build.0 = Release|Any CPU
	EndGlobalSection
	GlobalSection(SolutionProperties) = preSolution
		HideSolutionNode = FALSE
	EndGlobalSection
	GlobalSection(ExtensibilityGlobals) = postSolution
		SolutionGuid = {0B3964A8-1D33-4482-9301-C4F53D761A60}
	EndGlobalSection
EndGlobal
